
Microsoft Visual Studio Solution File, Format Version 12.00
# Visual Studio Express 14 for Windows Desktop
VisualStudioVersion = 14.0.23107.0
MinimumVisualStudioVersion = 10.0.40219.1
Project("{8BC9CEB8-8B4A-11D0-8D11-00A0C91BC942}") = "DijkstrasCurse", "DijkstrasCurse\DijkstrasCurse.vcxproj", "{D8994341-BAB7-420F-B066-966D56ABD6C8}"
EndProject
Global
	GlobalSection(SolutionConfigurationPlatforms) = preSolution
		Debug|x64 = Debug|x64
		Debug|x86 = Debug|x86
		Release|x64 = Release|x64
		Release|x86 = Release|x86
	EndGlobalSection
	GlobalSection(ProjectConfigurationPlatforms) = postSolution
		{D8994341-BAB7-420F-B066-966D56ABD6C8}.Debug|x64.ActiveCfg = Debug|x64
		{D8994341-BAB7-420F-B066-966D56ABD6C8}.Debug|x64.Build.0 = Debug|x64
		{D8994341-BAB7-420F-B066-966D56ABD6C8}.Debug|x86.ActiveCfg = Debug|Win32
		{D8994341-BAB7-420F-B066-966D56ABD6C8}.Debug|x86.Build.0 = Debug|Win32
		{D8994341-BAB7-420F-B066-966D56ABD6C8}.Release|x64.ActiveCfg = Release|x64
		{D8994341-BAB7-420F-B066-966D56ABD6C8}.Release|x64.Build.0 = Release|x64
		{D8994341-BAB7-420F-B066-966D56ABD6C8}.Release|x86.ActiveCfg = Release|Win32
		{D8994341-BAB7-420F-B066-966D56ABD6C8}.Release|x86.Build.0 = Release|Win32
	EndGlobalSection
	GlobalSection(SolutionProperties) = preSolution
		HideSolutionNode = FALSE
	EndGlobalSection
	GlobalSection(TeamFoundationVersionControl) = preSolution
		SccNumberOfProjects = 2
		SccEnterpriseProvider = {4CA58AB2-18FA-4F8D-95D4-32DDF27D184C}
		SccTeamFoundationServer = https://caffeinepwrdal.visualstudio.com/defaultcollection
		SccLocalPath0 = .
		SccProjectUniqueName1 = DijkstrasCurse\\DijkstrasCurse.vcxproj
		SccProjectName1 = DijkstrasCurse
		SccLocalPath1 = DijkstrasCurse
	EndGlobalSection
EndGlobal
